{
  "nodes": {
    "emacs-overlay": {
      "inputs": {
        "flake-utils": "flake-utils",
        "nixpkgs": "nixpkgs"
      },
      "locked": {
        "lastModified": 1671160938,
        "narHash": "sha256-6tTWOoxJ2k4cbAo8VZI71ytpaepDBRA+dA87N6e1c6o=",
        "owner": "nix-community",
        "repo": "emacs-overlay",
        "rev": "af726f4941acc7367d75bc8e35c2ad047fd727f9",
        "type": "github"
      },
      "original": {
        "owner": "nix-community",
        "repo": "emacs-overlay",
        "type": "github"
      }
    },
    "flake-utils": {
      "locked": {
        "lastModified": 1667395993,
        "narHash": "sha256-nuEHfE/LcWyuSWnS8t12N1wc105Qtau+/OdUAjtQ0rA=",
        "owner": "numtide",
        "repo": "flake-utils",
        "rev": "5aed5285a952e0b949eb3ba02c12fa4fcfef535f",
        "type": "github"
      },
      "original": {
        "owner": "numtide",
        "repo": "flake-utils",
        "type": "github"
      }
    },
    "home-manager": {
      "inputs": {
        "nixpkgs": [
          "nixpkgs"
        ],
        "utils": "utils"
      },
      "locked": {
        "lastModified": 1670970889,
        "narHash": "sha256-TWJo3/X3Q3r+HeX16QN4FE6ddBpGtAboymSEF+4Nnc0=",
        "owner": "nix-community",
        "repo": "home-manager",
        "rev": "e412025fffdcd6219ddd21c65d9a1b90005ce508",
        "type": "github"
      },
      "original": {
        "owner": "nix-community",
        "repo": "home-manager",
        "type": "github"
      }
    },
    "nixpkgs": {
      "locked": {
        "lastModified": 1671160997,
        "narHash": "sha256-fcPZMRjAkUhrfXwoq2RPejfhtPnQ+aI5CTr4x8d0JPs=",
        "owner": "NixOS",
        "repo": "nixpkgs",
        "rev": "4172cdda7e56a48065475fb98c57b03b83c1fde4",
        "type": "github"
      },
      "original": {
        "id": "nixpkgs",
        "type": "indirect"
      }
    },
    "nixpkgs_2": {
      "locked": {
        "lastModified": 1671108576,
        "narHash": "sha256-6ggOL6KoaELNA1562tnPjtAnQ9SwsKRTgeuaXvPzCwI=",
        "owner": "nixos",
        "repo": "nixpkgs",
        "rev": "0f5996b524c91677891a432cc99c7567c7c402b1",
        "type": "github"
      },
      "original": {
        "owner": "nixos",
        "ref": "nixos-unstable",
        "repo": "nixpkgs",
        "type": "github"
      }
    },
    "root": {
      "inputs": {
        "emacs-overlay": "emacs-overlay",
        "home-manager": "home-manager",
        "nixpkgs": "nixpkgs_2"
      }
    },
    "utils": {
      "locked": {
        "lastModified": 1667395993,
        "narHash": "sha256-nuEHfE/LcWyuSWnS8t12N1wc105Qtau+/OdUAjtQ0rA=",
        "owner": "numtide",
        "repo": "flake-utils",
        "rev": "5aed5285a952e0b949eb3ba02c12fa4fcfef535f",
        "type": "github"
      },
      "original": {
        "owner": "numtide",
        "repo": "flake-utils",
        "type": "github"
      }
    }
  },
  "root": "root",
  "version": 7
}
